
Microsoft Visual Studio Solution File, Format Version 12.00
# Visual Studio Version 16
VisualStudioVersion = 16.0.30413.136
MinimumVisualStudioVersion = 10.0.40219.1
Project("{FAE04EC0-301F-11D3-BF4B-00C04F79EFBC}") = "JoakimMalmström_PersonalRegister", "JoakimMalmström_PersonalRegister\JoakimMalmström_PersonalRegister.csproj", "{08F96FD4-B948-44DB-AA3A-D35205D6AEEB}"
EndProject
Global
	GlobalSection(SolutionConfigurationPlatforms) = preSolution
		Debug|Any CPU = Debug|Any CPU
		Release|Any CPU = Release|Any CPU
	EndGlobalSection
	GlobalSection(ProjectConfigurationPlatforms) = postSolution
		{08F96FD4-B948-44DB-AA3A-D35205D6AEEB}.Debug|Any CPU.ActiveCfg = Debug|Any CPU
		{08F96FD4-B948-44DB-AA3A-D35205D6AEEB}.Debug|Any CPU.Build.0 = Debug|Any CPU
		{08F96FD4-B948-44DB-AA3A-D35205D6AEEB}.Release|Any CPU.ActiveCfg = Release|Any CPU
		{08F96FD4-B948-44DB-AA3A-D35205D6AEEB}.Release|Any CPU.Build.0 = Release|Any CPU
	EndGlobalSection
	GlobalSection(SolutionProperties) = preSolution
		HideSolutionNode = FALSE
	EndGlobalSection
	GlobalSection(ExtensibilityGlobals) = postSolution
		SolutionGuid = {DD14BA3F-E356-4342-AC46-D1F3BB773C7D}
	EndGlobalSection
EndGlobal
